PODS:
  - Flutter (1.0.0)
  - synheart_session (0.1.0):
    - Flutter

DEPENDENCIES:
  - Flutter (from `Flutter`)
  - synheart_session (from `.symlinks/plugins/synheart_session/ios`)

EXTERNAL SOURCES:
  Flutter:
    :path: Flutter
  synheart_session:
    :path: ".symlinks/plugins/synheart_session/ios"

SPEC CHECKSUMS:
  Flutter: cabc95a1d2626b1b06e7179b784ebcf0c0cde467
  synheart_session: 99f75230a5c65adfc600868eae68d33828ea6d89

PODFILE CHECKSUM: 3c63482e143d1b91d2d2560aee9fb04ecc74ac7e

COCOAPODS: 1.16.2
